
Microsoft Visual Studio Solution File, Format Version 12.00
# Visual Studio Version 17
VisualStudioVersion = 17.4.33213.308
MinimumVisualStudioVersion = 10.0.40219.1
Project("{FAE04EC0-301F-11D3-BF4B-00C04F79EFBC}") = "PrimeCinemaProyecto", "PrimeCinemaProyecto\PrimeCinemaProyecto.csproj", "{541E25A9-1BB1-4CF8-8E2B-492E20825158}"
EndProject
Global
	GlobalSection(SolutionConfigurationPlatforms) = preSolution
		Debug|Any CPU = Debug|Any CPU
		Release|Any CPU = Release|Any CPU
	EndGlobalSection
	GlobalSection(ProjectConfigurationPlatforms) = postSolution
		{541E25A9-1BB1-4CF8-8E2B-492E20825158}.Debug|Any CPU.ActiveCfg = Debug|Any CPU
		{541E25A9-1BB1-4CF8-8E2B-492E20825158}.Debug|Any CPU.Build.0 = Debug|Any CPU
		{541E25A9-1BB1-4CF8-8E2B-492E20825158}.Release|Any CPU.ActiveCfg = Release|Any CPU
		{541E25A9-1BB1-4CF8-8E2B-492E20825158}.Release|Any CPU.Build.0 = Release|Any CPU
	EndGlobalSection
	GlobalSection(SolutionProperties) = preSolution
		HideSolutionNode = FALSE
	EndGlobalSection
	GlobalSection(ExtensibilityGlobals) = postSolution
		SolutionGuid = {45955B20-5886-4005-B1DF-B246BC472EDC}
	EndGlobalSection
EndGlobal
